
Microsoft Visual Studio Solution File, Format Version 12.00
# Visual Studio 2012
Project("{8BC9CEB8-8B4A-11D0-8D11-00A0C91BC942}") = "gltest", "gltest\gltest.vcxproj", "{C251C965-BFD8-4436-B768-A565C70E9033}"
EndProject
Global
	GlobalSection(SolutionConfigurationPlatforms) = preSolution
		Debug|Win32 = Debug|Win32
		Debug|x64 = Debug|x64
		Release|Win32 = Release|Win32
		Release|x64 = Release|x64
	EndGlobalSection
	GlobalSection(ProjectConfigurationPlatforms) = postSolution
		{C251C965-BFD8-4436-B768-A565C70E9033}.Debug|Win32.ActiveCfg = Debug|Win32
		{C251C965-BFD8-4436-B768-A565C70E9033}.Debug|Win32.Build.0 = Debug|Win32
		{C251C965-BFD8-4436-B768-A565C70E9033}.Debug|x64.ActiveCfg = Debug|x64
		{C251C965-BFD8-4436-B768-A565C70E9033}.Debug|x64.Build.0 = Debug|x64
		{C251C965-BFD8-4436-B768-A565C70E9033}.Release|Win32.ActiveCfg = Release|Win32
		{C251C965-BFD8-4436-B768-A565C70E9033}.Release|Win32.Build.0 = Release|Win32
		{C251C965-BFD8-4436-B768-A565C70E9033}.Release|x64.ActiveCfg = Release|x64
		{C251C965-BFD8-4436-B768-A565C70E9033}.Release|x64.Build.0 = Release|x64
	EndGlobalSection
	GlobalSection(SolutionProperties) = preSolution
		HideSolutionNode = FALSE
	EndGlobalSection
EndGlobal
